// !$*UTF8*$!
{
	archiveVersion = 1;
	classes = {
	};
	objectVersion = 46;
	objects = {

/* Begin PBXBuildFile section */
		423730C81E1D283800EF8559 /* main.m in Sources */ = {isa = PBXBuildFile; fileRef = 423730C71E1D283800EF8559 /* main.m */; };
		423730CB1E1D283800EF8559 /* AppDelegate.m in Sources */ = {isa = PBXBuildFile; fileRef = 423730CA1E1D283800EF8559 /* AppDelegate.m */; };
		423730CE1E1D283800EF8559 /* ViewController.m in Sources */ = {isa = PBXBuildFile; fileRef = 423730CD1E1D283800EF8559 /* ViewController.m */; };
		423730D11E1D283900EF8559 /* Main.storyboard in Resources */ = {isa = PBXBuildFile; fileRef = 423730CF1E1D283900EF8559 /* Main.storyboard */; };
		423730D31E1D283900EF8559 /* Assets.xcassets in Resources */ = {isa = PBXBuildFile; fileRef = 423730D21E1D283900EF8559 /* Assets.xcassets */; };
		423730D61E1D283900EF8559 /* LaunchScreen.storyboard in Resources */ = {isa = PBXBuildFile; fileRef = 423730D41E1D283900EF8559 /* LaunchScreen.storyboard */; };
		423730E11E1D283A00EF8559 /* PushBotsObjcDemoTests.m in Sources */ = {isa = PBXBuildFile; fileRef = 423730E01E1D283A00EF8559 /* PushBotsObjcDemoTests.m */; };
		423730EC1E1D283A00EF8559 /* PushBotsObjcDemoUITests.m in Sources */ = {isa = PBXBuildFile; fileRef = 423730EB1E1D283A00EF8559 /* PushBotsObjcDemoUITests.m */; };
		423730FD1E1D5C2E00EF8559 /* SystemConfiguration.framework in Frameworks */ = {isa = PBXBuildFile; fileRef = 423730FC1E1D5C2E00EF8559 /* SystemConfiguration.framework */; };
		423730FF1E1D5C3D00EF8559 /* CoreTelephony.framework in Frameworks */ = {isa = PBXBuildFile; fileRef = 423730FE1E1D5C3D00EF8559 /* CoreTelephony.framework */; };
		63B53B3FFF3FF82E5D519CD5 /* libPods-PushBotsObjcDemoTests.a in Frameworks */ = {isa = PBXBuildFile; fileRef = 233E308C693CBB6A3A03606F /* libPods-PushBotsObjcDemoTests.a */; };
		DD5D5DD639E32CCE45430FF9 /* libPods-PushBotsObjcDemoUITests.a in Frameworks */ = {isa = PBXBuildFile; fileRef = 45B2CAEF2F0109BCB945C346 /* libPods-PushBotsObjcDemoUITests.a */; };
		F9A695B16F22A6CC33A5049E /* libPods-PushBotsObjcDemo.a in Frameworks */ = {isa = PBXBuildFile; fileRef = 97015D8B4B0B70D8C6206958 /* libPods-PushBotsObjcDemo.a */; };
/* End PBXBuildFile section */

/* Begin PBXContainerItemProxy section */
		423730DD1E1D283A00EF8559 /* PBXContainerItemProxy */ = {
			isa = PBXContainerItemProxy;
			containerPortal = 423730BB1E1D283800EF8559 /* Project object */;
			proxyType = 1;
			remoteGlobalIDString = 423730C21E1D283800EF8559;
			remoteInfo = PushBotsObjcDemo;
		};
		423730E81E1D283A00EF8559 /* PBXContainerItemProxy */ = {
			isa = PBXContainerItemProxy;
			containerPortal = 423730BB1E1D283800EF8559 /* Project object */;
			proxyType = 1;
			remoteGlobalIDString = 423730C21E1D283800EF8559;
			remoteInfo = PushBotsObjcDemo;
		};
/* End PBXContainerItemProxy section */

/* Begin PBXFileReference section */
		02DE95632E7FA3FC94755C3E /* Pods-PushBotsObjcDemoTests.release.xcconfig */ = {isa = PBXFileReference; includeInIndex = 1; lastKnownFileType = text.xcconfig; name = "Pods-PushBotsObjcDemoTests.release.xcconfig"; path = "Pods/Target Support Files/Pods-PushBotsObjcDemoTests/Pods-PushBotsObjcDemoTests.release.xcconfig"; sourceTree = "<group>"; };
		233E308C693CBB6A3A03606F /* libPods-PushBotsObjcDemoTests.a */ = {isa = PBXFileReference; explicitFileType = archive.ar; includeInIndex = 0; path = "libPods-PushBotsObjcDemoTests.a"; sourceTree = BUILT_PRODUCTS_DIR; };
		279913A541CE632DE59718BE /* Pods-PushBotsObjcDemoUITests.release.xcconfig */ = {isa = PBXFileReference; includeInIndex = 1; lastKnownFileType = text.xcconfig; name = "Pods-PushBotsObjcDemoUITests.release.xcconfig"; path = "Pods/Target Support Files/Pods-PushBotsObjcDemoUITests/Pods-PushBotsObjcDemoUITests.release.xcconfig"; sourceTree = "<group>"; };
		2C9570C105128832B5D61ED9 /* Pods-PushBotsObjcDemo.debug.xcconfig */ = {isa = PBXFileReference; includeInIndex = 1; lastKnownFileType = text.xcconfig; name = "Pods-PushBotsObjcDemo.debug.xcconfig"; path = "Pods/Target Support Files/Pods-PushBotsObjcDemo/Pods-PushBotsObjcDemo.debug.xcconfig"; sourceTree = "<group>"; };
		423730C31E1D283800EF8559 /* PushBotsObjcDemo.app */ = {isa = PBXFileReference; explicitFileType = wrapper.application; includeInIndex = 0; path = PushBotsObjcDemo.app; sourceTree = BUILT_PRODUCTS_DIR; };
		423730C71E1D283800EF8559 /* main.m */ = {isa = PBXFileReference; lastKnownFileType = sourcecode.c.objc; path = main.m; sourceTree = "<group>"; };
		423730C91E1D283800EF8559 /* AppDelegate.h */ = {isa = PBXFileReference; lastKnownFileType = sourcecode.c.h; path = AppDelegate.h; sourceTree = "<group>"; };
		423730CA1E1D283800EF8559 /* AppDelegate.m */ = {isa = PBXFileReference; lastKnownFileType = sourcecode.c.objc; path = AppDelegate.m; sourceTree = "<group>"; };
		423730CC1E1D283800EF8559 /* ViewController.h */ = {isa = PBXFileReference; lastKnownFileType = sourcecode.c.h; path = ViewController.h; sourceTree = "<group>"; };
		423730CD1E1D283800EF8559 /* ViewController.m */ = {isa = PBXFileReference; lastKnownFileType = sourcecode.c.objc; path = ViewController.m; sourceTree = "<group>"; };
		423730D01E1D283900EF8559 /* Base */ = {isa = PBXFileReference; lastKnownFileType = file.storyboard; name = Base; path = Base.lproj/Main.storyboard; sourceTree = "<group>"; };
		423730D21E1D283900EF8559 /* Assets.xcassets */ = {isa = PBXFileReference; lastKnownFileType = folder.assetcatalog; path = Assets.xcassets; sourceTree = "<group>"; };
		423730D51E1D283900EF8559 /* Base */ = {isa = PBXFileReference; lastKnownFileType = file.storyboard; name = Base; path = Base.lproj/LaunchScreen.storyboard; sourceTree = "<group>"; };
		423730D71E1D283A00EF8559 /* Info.plist */ = {isa = PBXFileReference; lastKnownFileType = text.plist.xml; path = Info.plist; sourceTree = "<group>"; };
		423730DC1E1D283A00EF8559 /* PushBotsObjcDemoTests.xctest */ = {isa = PBXFileReference; explicitFileType = wrapper.cfbundle; includeInIndex = 0; path = PushBotsObjcDemoTests.xctest; sourceTree = BUILT_PRODUCTS_DIR; };
		423730E01E1D283A00EF8559 /* PushBotsObjcDemoTests.m */ = {isa = PBXFileReference; lastKnownFileType = sourcecode.c.objc; path = PushBotsObjcDemoTests.m; sourceTree = "<group>"; };
		423730E21E1D283A00EF8559 /* Info.plist */ = {isa = PBXFileReference; lastKnownFileType = text.plist.xml; path = Info.plist; sourceTree = "<group>"; };
		423730E71E1D283A00EF8559 /* PushBotsObjcDemoUITests.xctest */ = {isa = PBXFileReference; explicitFileType = wrapper.cfbundle; includeInIndex = 0; path = PushBotsObjcDemoUITests.xctest; sourceTree = BUILT_PRODUCTS_DIR; };
		423730EB1E1D283A00EF8559 /* PushBotsObjcDemoUITests.m */ = {isa = PBXFileReference; lastKnownFileType = sourcecode.c.objc; path = PushBotsObjcDemoUITests.m; sourceTree = "<group>"; };
		423730ED1E1D283B00EF8559 /* Info.plist */ = {isa = PBXFileReference; lastKnownFileType = text.plist.xml; path = Info.plist; sourceTree = "<group>"; };
		423730F91E1D3DF100EF8559 /* PushBotsObjcDemo.entitlements */ = {isa = PBXFileReference; lastKnownFileType = text.plist.entitlements; path = PushBotsObjcDemo.entitlements; sourceTree = "<group>"; };
		423730FC1E1D5C2E00EF8559 /* SystemConfiguration.framework */ = {isa = PBXFileReference; lastKnownFileType = wrapper.framework; name = SystemConfiguration.framework; path = System/Library/Frameworks/SystemConfiguration.framework; sourceTree = SDKROOT; };
		423730FE1E1D5C3D00EF8559 /* CoreTelephony.framework */ = {isa = PBXFileReference; lastKnownFileType = wrapper.framework; name = CoreTelephony.framework; path = System/Library/Frameworks/CoreTelephony.framework; sourceTree = SDKROOT; };
		45B2CAEF2F0109BCB945C346 /* libPods-PushBotsObjcDemoUITests.a */ = {isa = PBXFileReference; explicitFileType = archive.ar; includeInIndex = 0; path = "libPods-PushBotsObjcDemoUITests.a"; sourceTree = BUILT_PRODUCTS_DIR; };
		6808457F9793558B91CA9624 /* Pods-PushBotsObjcDemoUITests.debug.xcconfig */ = {isa = PBXFileReference; includeInIndex = 1; lastKnownFileType = text.xcconfig; name = "Pods-PushBotsObjcDemoUITests.debug.xcconfig"; path = "Pods/Target Support Files/Pods-PushBotsObjcDemoUITests/Pods-PushBotsObjcDemoUITests.debug.xcconfig"; sourceTree = "<group>"; };
		7A293A2E3169068E96E0FBCC /* Pods-PushBotsObjcDemoTests.debug.xcconfig */ = {isa = PBXFileReference; includeInIndex = 1; lastKnownFileType = text.xcconfig; name = "Pods-PushBotsObjcDemoTests.debug.xcconfig"; path = "Pods/Target Support Files/Pods-PushBotsObjcDemoTests/Pods-PushBotsObjcDemoTests.debug.xcconfig"; sourceTree = "<group>"; };
		97015D8B4B0B70D8C6206958 /* libPods-PushBotsObjcDemo.a */ = {isa = PBXFileReference; explicitFileType = archive.ar; includeInIndex = 0; path = "libPods-PushBotsObjcDemo.a"; sourceTree = BUILT_PRODUCTS_DIR; };
		DFEC9E004774D0378602D1B5 /* Pods-PushBotsObjcDemo.release.xcconfig */ = {isa = PBXFileReference; includeInIndex = 1; lastKnownFileType = text.xcconfig; name = "Pods-PushBotsObjcDemo.release.xcconfig"; path = "Pods/Target Support Files/Pods-PushBotsObjcDemo/Pods-PushBotsObjcDemo.release.xcconfig"; sourceTree = "<group>"; };
/* End PBXFileReference section */

/* Begin PBXFrameworksBuildPhase section */
		423730C01E1D283800EF8559 /* Frameworks */ = {
			isa = PBXFrameworksBuildPhase;
			buildActionMask = 2147483647;
			files = (
				423730FF1E1D5C3D00EF8559 /* CoreTelephony.framework in Frameworks */,
				423730FD1E1D5C2E00EF8559 /* SystemConfiguration.framework in Frameworks */,
				F9A695B16F22A6CC33A5049E /* libPods-PushBotsObjcDemo.a in Frameworks */,
			);
			runOnlyForDeploymentPostprocessing = 0;
		};
		423730D91E1D283A00EF8559 /* Frameworks */ = {
			isa = PBXFrameworksBuildPhase;
			buildActionMask = 2147483647;
			files = (
				63B53B3FFF3FF82E5D519CD5 /* libPods-PushBotsObjcDemoTests.a in Frameworks */,
			);
			runOnlyForDeploymentPostprocessing = 0;
		};
		423730E41E1D283A00EF8559 /* Frameworks */ = {
			isa = PBXFrameworksBuildPhase;
			buildActionMask = 2147483647;
			files = (
				DD5D5DD639E32CCE45430FF9 /* libPods-PushBotsObjcDemoUITests.a in Frameworks */,
			);
			runOnlyForDeploymentPostprocessing = 0;
		};
/* End PBXFrameworksBuildPhase section */

/* Begin PBXGroup section */
		423730BA1E1D283800EF8559 = {
			isa = PBXGroup;
			children = (
				423730C51E1D283800EF8559 /* PushBotsObjcDemo */,
				423730DF1E1D283A00EF8559 /* PushBotsObjcDemoTests */,
				423730EA1E1D283A00EF8559 /* PushBotsObjcDemoUITests */,
				423730C41E1D283800EF8559 /* Products */,
				53FA0C315D9BB9EAADEE6FE7 /* Pods */,
				DB82BD3759A8C365409C6BEE /* Frameworks */,
			);
			sourceTree = "<group>";
		};
		423730C41E1D283800EF8559 /* Products */ = {
			isa = PBXGroup;
			children = (
				423730C31E1D283800EF8559 /* PushBotsObjcDemo.app */,
				423730DC1E1D283A00EF8559 /* PushBotsObjcDemoTests.xctest */,
				423730E71E1D283A00EF8559 /* PushBotsObjcDemoUITests.xctest */,
			);
			name = Products;
			sourceTree = "<group>";
		};
		423730C51E1D283800EF8559 /* PushBotsObjcDemo */ = {
			isa = PBXGroup;
			children = (
				423730F91E1D3DF100EF8559 /* PushBotsObjcDemo.entitlements */,
				423730C91E1D283800EF8559 /* AppDelegate.h */,
				423730CA1E1D283800EF8559 /* AppDelegate.m */,
				423730CC1E1D283800EF8559 /* ViewController.h */,
				423730CD1E1D283800EF8559 /* ViewController.m */,
				423730CF1E1D283900EF8559 /* Main.storyboard */,
				423730D21E1D283900EF8559 /* Assets.xcassets */,
				423730D41E1D283900EF8559 /* LaunchScreen.storyboard */,
				423730D71E1D283A00EF8559 /* Info.plist */,
				423730C61E1D283800EF8559 /* Supporting Files */,
			);
			path = PushBotsObjcDemo;
			sourceTree = "<group>";
		};
		423730C61E1D283800EF8559 /* Supporting Files */ = {
			isa = PBXGroup;
			children = (
				423730C71E1D283800EF8559 /* main.m */,
			);
			name = "Supporting Files";
			sourceTree = "<group>";
		};
		423730DF1E1D283A00EF8559 /* PushBotsObjcDemoTests */ = {
			isa = PBXGroup;
			children = (
				423730E01E1D283A00EF8559 /* PushBotsObjcDemoTests.m */,
				423730E21E1D283A00EF8559 /* Info.plist */,
			);
			path = PushBotsObjcDemoTests;
			sourceTree = "<group>";
		};
		423730EA1E1D283A00EF8559 /* PushBotsObjcDemoUITests */ = {
			isa = PBXGroup;
			children = (
				423730EB1E1D283A00EF8559 /* PushBotsObjcDemoUITests.m */,
				423730ED1E1D283B00EF8559 /* Info.plist */,
			);
			path = PushBotsObjcDemoUITests;
			sourceTree = "<group>";
		};
		53FA0C315D9BB9EAADEE6FE7 /* Pods */ = {
			isa = PBXGroup;
			children = (
				2C9570C105128832B5D61ED9 /* Pods-PushBotsObjcDemo.debug.xcconfig */,
				DFEC9E004774D0378602D1B5 /* Pods-PushBotsObjcDemo.release.xcconfig */,
				7A293A2E3169068E96E0FBCC /* Pods-PushBotsObjcDemoTests.debug.xcconfig */,
				02DE95632E7FA3FC94755C3E /* Pods-PushBotsObjcDemoTests.release.xcconfig */,
				6808457F9793558B91CA9624 /* Pods-PushBotsObjcDemoUITests.debug.xcconfig */,
				279913A541CE632DE59718BE /* Pods-PushBotsObjcDemoUITests.release.xcconfig */,
			);
			name = Pods;
			sourceTree = "<group>";
		};
		DB82BD3759A8C365409C6BEE /* Frameworks */ = {
			isa = PBXGroup;
			children = (
				423730FE1E1D5C3D00EF8559 /* CoreTelephony.framework */,
				423730FC1E1D5C2E00EF8559 /* SystemConfiguration.framework */,
				97015D8B4B0B70D8C6206958 /* libPods-PushBotsObjcDemo.a */,
				233E308C693CBB6A3A03606F /* libPods-PushBotsObjcDemoTests.a */,
				45B2CAEF2F0109BCB945C346 /* libPods-PushBotsObjcDemoUITests.a */,
			);
			name = Frameworks;
			sourceTree = "<group>";
		};
/* End PBXGroup section */

/* Begin PBXNativeTarget section */
		423730C21E1D283800EF8559 /* PushBotsObjcDemo */ = {
			isa = PBXNativeTarget;
			buildConfigurationList = 423730F01E1D283B00EF8559 /* Build configuration list for PBXNativeTarget "PushBotsObjcDemo" */;
			buildPhases = (
				893BE9DD20A2F4072B9D71A7 /* [CP] Check Pods Manifest.lock */,
				423730BF1E1D283800EF8559 /* Sources */,
				423730C01E1D283800EF8559 /* Frameworks */,
				423730C11E1D283800EF8559 /* Resources */,
				6C1500BC99649DF39876E8EF /* [CP] Embed Pods Frameworks */,
				71CCBC78FBCC6C4B9BBE40A6 /* [CP] Copy Pods Resources */,
			);
			buildRules = (
			);
			dependencies = (
			);
			name = PushBotsObjcDemo;
			productName = PushBotsObjcDemo;
			productReference = 423730C31E1D283800EF8559 /* PushBotsObjcDemo.app */;
			productType = "com.apple.product-type.application";
		};
		423730DB1E1D283A00EF8559 /* PushBotsObjcDemoTests */ = {
			isa = PBXNativeTarget;
			buildConfigurationList = 423730F31E1D283B00EF8559 /* Build configuration list for PBXNativeTarget "PushBotsObjcDemoTests" */;
			buildPhases = (
				1B6B2AFFD634B39F44A6317D /* [CP] Check Pods Manifest.lock */,
				423730D81E1D283A00EF8559 /* Sources */,
				423730D91E1D283A00EF8559 /* Frameworks */,
				423730DA1E1D283A00EF8559 /* Resources */,
				AC25E5F162C3F39E8A32764D /* [CP] Embed Pods Frameworks */,
				72C247166972F67D8D612A04 /* [CP] Copy Pods Resources */,
			);
			buildRules = (
			);
			dependencies = (
				423730DE1E1D283A00EF8559 /* PBXTargetDependency */,
			);
			name = PushBotsObjcDemoTests;
			productName = PushBotsObjcDemoTests;
			productReference = 423730DC1E1D283A00EF8559 /* PushBotsObjcDemoTests.xctest */;
			productType = "com.apple.product-type.bundle.unit-test";
		};
		423730E61E1D283A00EF8559 /* PushBotsObjcDemoUITests */ = {
			isa = PBXNativeTarget;
			buildConfigurationList = 423730F61E1D283B00EF8559 /* Build configuration list for PBXNativeTarget "PushBotsObjcDemoUITests" */;
			buildPhases = (
				884211AFD3620FF1E0561A10 /* [CP] Check Pods Manifest.lock */,
				423730E31E1D283A00EF8559 /* Sources */,
				423730E41E1D283A00EF8559 /* Frameworks */,
				423730E51E1D283A00EF8559 /* Resources */,
				CC31EF5D989D2A45870C20A6 /* [CP] Embed Pods Frameworks */,
				14BBA88A189E50F71616ED1F /* [CP] Copy Pods Resources */,
			);
			buildRules = (
			);
			dependencies = (
				423730E91E1D283A00EF8559 /* PBXTargetDependency */,
			);
			name = PushBotsObjcDemoUITests;
			productName = PushBotsObjcDemoUITests;
			productReference = 423730E71E1D283A00EF8559 /* PushBotsObjcDemoUITests.xctest */;
			productType = "com.apple.product-type.bundle.ui-testing";
		};
/* End PBXNativeTarget section */

/* Begin PBXProject section */
		423730BB1E1D283800EF8559 /* Project object */ = {
			isa = PBXProject;
			attributes = {
				LastUpgradeCheck = 0820;
				ORGANIZATIONNAME = "Atia M2";
				TargetAttributes = {
					423730C21E1D283800EF8559 = {
						CreatedOnToolsVersion = 8.2;
						DevelopmentTeam = 24VS857ZNA;
						ProvisioningStyle = Automatic;
						SystemCapabilities = {
							com.apple.BackgroundModes = {
								enabled = 1;
							};
							com.apple.Push = {
								enabled = 1;
							};
						};
					};
					423730DB1E1D283A00EF8559 = {
						CreatedOnToolsVersion = 8.2;
						DevelopmentTeam = UR4F29DJ73;
						ProvisioningStyle = Automatic;
						TestTargetID = 423730C21E1D283800EF8559;
					};
					423730E61E1D283A00EF8559 = {
						CreatedOnToolsVersion = 8.2;
						DevelopmentTeam = UR4F29DJ73;
						ProvisioningStyle = Automatic;
						TestTargetID = 423730C21E1D283800EF8559;
					};
				};
			};
			buildConfigurationList = 423730BE1E1D283800EF8559 /* Build configuration list for PBXProject "PushBotsObjcDemo" */;
			compatibilityVersion = "Xcode 3.2";
			developmentRegion = English;
			hasScannedForEncodings = 0;
			knownRegions = (
				en,
				Base,
			);
			mainGroup = 423730BA1E1D283800EF8559;
			productRefGroup = 423730C41E1D283800EF8559 /* Products */;
			projectDirPath = "";
			projectRoot = "";
			targets = (
				423730C21E1D283800EF8559 /* PushBotsObjcDemo */,
				423730DB1E1D283A00EF8559 /* PushBotsObjcDemoTests */,
				423730E61E1D283A00EF8559 /* PushBotsObjcDemoUITests */,
			);
		};
/* End PBXProject section */

/* Begin PBXResourcesBuildPhase section */
		423730C11E1D283800EF8559 /* Resources */ = {
			isa = PBXResourcesBuildPhase;
			buildActionMask = 2147483647;
			files = (
				423730D61E1D283900EF8559 /* LaunchScreen.storyboard in Resources */,
				423730D31E1D283900EF8559 /* Assets.xcassets in Resources */,
				423730D11E1D283900EF8559 /* Main.storyboard in Resources */,
			);
			runOnlyForDeploymentPostprocessing = 0;
		};
		423730DA1E1D283A00EF8559 /* Resources */ = {
			isa = PBXResourcesBuildPhase;
			buildActionMask = 2147483647;
			files = (
			);
			runOnlyForDeploymentPostprocessing = 0;
		};
		423730E51E1D283A00EF8559 /* Resources */ = {
			isa = PBXResourcesBuildPhase;
			buildActionMask = 2147483647;
			files = (
			);
			runOnlyForDeploymentPostprocessing = 0;
		};
/* End PBXResourcesBuildPhase section */

/* Begin PBXShellScriptBuildPhase section */
		14BBA88A189E50F71616ED1F /* [CP] Copy Pods Resources */ = {
			isa = PBXShellScriptBuildPhase;
			buildActionMask = 2147483647;
			files = (
			);
			inputPaths = (
			);
			name = "[CP] Copy Pods Resources";
			outputPaths = (
			);
			runOnlyForDeploymentPostprocessing = 0;
			shellPath = /bin/sh;
			shellScript = "\"${SRCROOT}/Pods/Target Support Files/Pods-PushBotsObjcDemoUITests/Pods-PushBotsObjcDemoUITests-resources.sh\"\n";
			showEnvVarsInLog = 0;
		};
		1B6B2AFFD634B39F44A6317D /* [CP] Check Pods Manifest.lock */ = {
			isa = PBXShellScriptBuildPhase;
			buildActionMask = 2147483647;
			files = (
			);
			inputPaths = (
			);
			name = "[CP] Check Pods Manifest.lock";
			outputPaths = (
			);
			runOnlyForDeploymentPostprocessing = 0;
			shellPath = /bin/sh;
			shellScript = "diff \"${PODS_ROOT}/../Podfile.lock\" \"${PODS_ROOT}/Manifest.lock\" > /dev/null\nif [ $? != 0 ] ; then\n    # print error to STDERR\n    echo \"error: The sandbox is not in sync with the Podfile.lock. Run 'pod install' or update your CocoaPods installation.\" >&2\n    exit 1\nfi\n";
			showEnvVarsInLog = 0;
		};
		6C1500BC99649DF39876E8EF /* [CP] Embed Pods Frameworks */ = {
			isa = PBXShellScriptBuildPhase;
			buildActionMask = 2147483647;
			files = (
			);
			inputPaths = (
			);
			name = "[CP] Embed Pods Frameworks";
			outputPaths = (
			);
			runOnlyForDeploymentPostprocessing = 0;
			shellPath = /bin/sh;
			shellScript = "\"${SRCROOT}/Pods/Target Support Files/Pods-PushBotsObjcDemo/Pods-PushBotsObjcDemo-frameworks.sh\"\n";
			showEnvVarsInLog = 0;
		};
		71CCBC78FBCC6C4B9BBE40A6 /* [CP] Copy Pods Resources */ = {
			isa = PBXShellScriptBuildPhase;
			buildActionMask = 2147483647;
			files = (
			);
			inputPaths = (
			);
			name = "[CP] Copy Pods Resources";
			outputPaths = (
			);
			runOnlyForDeploymentPostprocessing = 0;
			shellPath = /bin/sh;
			shellScript = "\"${SRCROOT}/Pods/Target Support Files/Pods-PushBotsObjcDemo/Pods-PushBotsObjcDemo-resources.sh\"\n";
			showEnvVarsInLog = 0;
		};
		72C247166972F67D8D612A04 /* [CP] Copy Pods Resources */ = {
			isa = PBXShellScriptBuildPhase;
			buildActionMask = 2147483647;
			files = (
			);
			inputPaths = (
			);
			name = "[CP] Copy Pods Resources";
			outputPaths = (
			);
			runOnlyForDeploymentPostprocessing = 0;
			shellPath = /bin/sh;
			shellScript = "\"${SRCROOT}/Pods/Target Support Files/Pods-PushBotsObjcDemoTests/Pods-PushBotsObjcDemoTests-resources.sh\"\n";
			showEnvVarsInLog = 0;
		};
		884211AFD3620FF1E0561A10 /* [CP] Check Pods Manifest.lock */ = {
			isa = PBXShellScriptBuildPhase;
			buildActionMask = 2147483647;
			files = (
			);
			inputPaths = (
			);
			name = "[CP] Check Pods Manifest.lock";
			outputPaths = (
			);
			runOnlyForDeploymentPostprocessing = 0;
			shellPath = /bin/sh;
			shellScript = "diff \"${PODS_ROOT}/../Podfile.lock\" \"${PODS_ROOT}/Manifest.lock\" > /dev/null\nif [ $? != 0 ] ; then\n    # print error to STDERR\n    echo \"error: The sandbox is not in sync with the Podfile.lock. Run 'pod install' or update your CocoaPods installation.\" >&2\n    exit 1\nfi\n";
			showEnvVarsInLog = 0;
		};
		893BE9DD20A2F4072B9D71A7 /* [CP] Check Pods Manifest.lock */ = {
			isa = PBXShellScriptBuildPhase;
			buildActionMask = 2147483647;
			files = (
			);
			inputPaths = (
			);
			name = "[CP] Check Pods Manifest.lock";
			outputPaths = (
			);
			runOnlyForDeploymentPostprocessing = 0;
			shellPath = /bin/sh;
			shellScript = "diff \"${PODS_ROOT}/../Podfile.lock\" \"${PODS_ROOT}/Manifest.lock\" > /dev/null\nif [ $? != 0 ] ; then\n    # print error to STDERR\n    echo \"error: The sandbox is not in sync with the Podfile.lock. Run 'pod install' or update your CocoaPods installation.\" >&2\n    exit 1\nfi\n";
			showEnvVarsInLog = 0;
		};
		AC25E5F162C3F39E8A32764D /* [CP] Embed Pods Frameworks */ = {
			isa = PBXShellScriptBuildPhase;
			buildActionMask = 2147483647;
			files = (
			);
			inputPaths = (
			);
			name = "[CP] Embed Pods Frameworks";
			outputPaths = (
			);
			runOnlyForDeploymentPostprocessing = 0;
			shellPath = /bin/sh;
			shellScript = "\"${SRCROOT}/Pods/Target Support Files/Pods-PushBotsObjcDemoTests/Pods-PushBotsObjcDemoTests-frameworks.sh\"\n";
			showEnvVarsInLog = 0;
		};
		CC31EF5D989D2A45870C20A6 /* [CP] Embed Pods Frameworks */ = {
			isa = PBXShellScriptBuildPhase;
			buildActionMask = 2147483647;
			files = (
			);
			inputPaths = (
			);
			name = "[CP] Embed Pods Frameworks";
			outputPaths = (
			);
			runOnlyForDeploymentPostprocessing = 0;
			shellPath = /bin/sh;
			shellScript = "\"${SRCROOT}/Pods/Target Support Files/Pods-PushBotsObjcDemoUITests/Pods-PushBotsObjcDemoUITests-frameworks.sh\"\n";
			showEnvVarsInLog = 0;
		};
/* End PBXShellScriptBuildPhase section */

/* Begin PBXSourcesBuildPhase section */
		423730BF1E1D283800EF8559 /* Sources */ = {
			isa = PBXSourcesBuildPhase;
			buildActionMask = 2147483647;
			files = (
				423730CE1E1D283800EF8559 /* ViewController.m in Sources */,
				423730CB1E1D283800EF8559 /* AppDelegate.m in Sources */,
				423730C81E1D283800EF8559 /* main.m in Sources */,
			);
			runOnlyForDeploymentPostprocessing = 0;
		};
		423730D81E1D283A00EF8559 /* Sources */ = {
			isa = PBXSourcesBuildPhase;
			buildActionMask = 2147483647;
			files = (
				423730E11E1D283A00EF8559 /* PushBotsObjcDemoTests.m in Sources */,
			);
			runOnlyForDeploymentPostprocessing = 0;
		};
		423730E31E1D283A00EF8559 /* Sources */ = {
			isa = PBXSourcesBuildPhase;
			buildActionMask = 2147483647;
			files = (
				423730EC1E1D283A00EF8559 /* PushBotsObjcDemoUITests.m in Sources */,
			);
			runOnlyForDeploymentPostprocessing = 0;
		};
/* End PBXSourcesBuildPhase section */

/* Begin PBXTargetDependency section */
		423730DE1E1D283A00EF8559 /* PBXTargetDependency */ = {
			isa = PBXTargetDependency;
			target = 423730C21E1D283800EF8559 /* PushBotsObjcDemo */;
			targetProxy = 423730DD1E1D283A00EF8559 /* PBXContainerItemProxy */;
		};
		423730E91E1D283A00EF8559 /* PBXTargetDependency */ = {
			isa = PBXTargetDependency;
			target = 423730C21E1D283800EF8559 /* PushBotsObjcDemo */;
			targetProxy = 423730E81E1D283A00EF8559 /* PBXContainerItemProxy */;
		};
/* End PBXTargetDependency section */

/* Begin PBXVariantGroup section */
		423730CF1E1D283900EF8559 /* Main.storyboard */ = {
			isa = PBXVariantGroup;
			children = (
				423730D01E1D283900EF8559 /* Base */,
			);
			name = Main.storyboard;
			sourceTree = "<group>";
		};
		423730D41E1D283900EF8559 /* LaunchScreen.storyboard */ = {
			isa = PBXVariantGroup;
			children = (
				423730D51E1D283900EF8559 /* Base */,
			);
			name = LaunchScreen.storyboard;
			sourceTree = "<group>";
		};
/* End PBXVariantGroup section */

/* Begin XCBuildConfiguration section */
		423730EE1E1D283B00EF8559 /* Debug */ = {
			isa = XCBuildConfiguration;
			buildSettings = {
				ALWAYS_SEARCH_USER_PATHS = NO;
				CLANG_ANALYZER_NONNULL = YES;
				CLANG_CXX_LANGUAGE_STANDARD = "gnu++0x";
				CLANG_CXX_LIBRARY = "libc++";
				CLANG_ENABLE_MODULES = YES;
				CLANG_ENABLE_OBJC_ARC = YES;
				CLANG_WARN_BOOL_CONVERSION = YES;
				CLANG_WARN_CONSTANT_CONVERSION = YES;
				CLANG_WARN_DIRECT_OBJC_ISA_USAGE = YES_ERROR;
				CLANG_WARN_DOCUMENTATION_COMMENTS = YES;
				CLANG_WARN_EMPTY_BODY = YES;
				CLANG_WARN_ENUM_CONVERSION = YES;
				CLANG_WARN_INFINITE_RECURSION = YES;
				CLANG_WARN_INT_CONVERSION = YES;
				CLANG_WARN_OBJC_ROOT_CLASS = YES_ERROR;
				CLANG_WARN_SUSPICIOUS_MOVE = YES;
				CLANG_WARN_UNREACHABLE_CODE = YES;
				CLANG_WARN__DUPLICATE_METHOD_MATCH = YES;
				"CODE_SIGN_IDENTITY[sdk=iphoneos*]" = "iPhone Developer";
				COPY_PHASE_STRIP = NO;
				DEBUG_INFORMATION_FORMAT = dwarf;
				ENABLE_STRICT_OBJC_MSGSEND = YES;
				ENABLE_TESTABILITY = YES;
				GCC_C_LANGUAGE_STANDARD = gnu99;
				GCC_DYNAMIC_NO_PIC = NO;
				GCC_NO_COMMON_BLOCKS = YES;
				GCC_OPTIMIZATION_LEVEL = 0;
				GCC_PREPROCESSOR_DEFINITIONS = (
					"DEBUG=1",
					"$(inherited)",
				);
				GCC_WARN_64_TO_32_BIT_CONVERSION = YES;
				GCC_WARN_ABOUT_RETURN_TYPE = YES_ERROR;
				GCC_WARN_UNDECLARED_SELECTOR = YES;
				GCC_WARN_UNINITIALIZED_AUTOS = YES_AGGRESSIVE;
				GCC_WARN_UNUSED_FUNCTION = YES;
				GCC_WARN_UNUSED_VARIABLE = YES;
				IPHONEOS_DEPLOYMENT_TARGET = 10.2;
				MTL_ENABLE_DEBUG_INFO = YES;
				ONLY_ACTIVE_ARCH = YES;
				SDKROOT = iphoneos;
			};
			name = Debug;
		};
		423730EF1E1D283B00EF8559 /* Release */ = {
			isa = XCBuildConfiguration;
			buildSettings = {
				ALWAYS_SEARCH_USER_PATHS = NO;
				CLANG_ANALYZER_NONNULL = YES;
				CLANG_CXX_LANGUAGE_STANDARD = "gnu++0x";
				CLANG_CXX_LIBRARY = "libc++";
				CLANG_ENABLE_MODULES = YES;
				CLANG_ENABLE_OBJC_ARC = YES;
				CLANG_WARN_BOOL_CONVERSION = YES;
				CLANG_WARN_CONSTANT_CONVERSION = YES;
				CLANG_WARN_DIRECT_OBJC_ISA_USAGE = YES_ERROR;
				CLANG_WARN_DOCUMENTATION_COMMENTS = YES;
				CLANG_WARN_EMPTY_BODY = YES;
				CLANG_WARN_ENUM_CONVERSION = YES;
				CLANG_WARN_INFINITE_RECURSION = YES;
				CLANG_WARN_INT_CONVERSION = YES;
				CLANG_WARN_OBJC_ROOT_CLASS = YES_ERROR;
				CLANG_WARN_SUSPICIOUS_MOVE = YES;
				CLANG_WARN_UNREACHABLE_CODE = YES;
				CLANG_WARN__DUPLICATE_METHOD_MATCH = YES;
				"CODE_SIGN_IDENTITY[sdk=iphoneos*]" = "iPhone Developer";
				COPY_PHASE_STRIP = NO;
				DEBUG_INFORMATION_FORMAT = "dwarf-with-dsym";
				ENABLE_NS_ASSERTIONS = NO;
				ENABLE_STRICT_OBJC_MSGSEND = YES;
				GCC_C_LANGUAGE_STANDARD = gnu99;
				GCC_NO_COMMON_BLOCKS = YES;
				GCC_WARN_64_TO_32_BIT_CONVERSION = YES;
				GCC_WARN_ABOUT_RETURN_TYPE = YES_ERROR;
				GCC_WARN_UNDECLARED_SELECTOR = YES;
				GCC_WARN_UNINITIALIZED_AUTOS = YES_AGGRESSIVE;
				GCC_WARN_UNUSED_FUNCTION = YES;
				GCC_WARN_UNUSED_VARIABLE = YES;
				IPHONEOS_DEPLOYMENT_TARGET = 10.2;
				MTL_ENABLE_DEBUG_INFO = NO;
				SDKROOT = iphoneos;
				VALIDATE_PRODUCT = YES;
			};
			name = Release;
		};
		423730F11E1D283B00EF8559 /* Debug */ = {
			isa = XCBuildConfiguration;
			baseConfigurationReference = 2C9570C105128832B5D61ED9 /* Pods-PushBotsObjcDemo.debug.xcconfig */;
			buildSettings = {
				ASSETCATALOG_COMPILER_APPICON_NAME = AppIcon;
				CODE_SIGN_ENTITLEMENTS = PushBotsObjcDemo/PushBotsObjcDemo.entitlements;
				DEVELOPMENT_TEAM = 24VS857ZNA;
				FRAMEWORK_SEARCH_PATHS = (
					"$(inherited)",
					"$(PROJECT_DIR)",
				);
				INFOPLIST_FILE = PushBotsObjcDemo/Info.plist;
				IPHONEOS_DEPLOYMENT_TARGET = 9.0;
				LD_RUNPATH_SEARCH_PATHS = "$(inherited) @executable_path/Frameworks";
				PRODUCT_BUNDLE_IDENTIFIER = com.pushbots.objcdemo;
				PRODUCT_NAME = "$(TARGET_NAME)";
			};
			name = Debug;
		};
		423730F21E1D283B00EF8559 /* Release */ = {
			isa = XCBuildConfiguration;
			baseConfigurationReference = DFEC9E004774D0378602D1B5 /* Pods-PushBotsObjcDemo.release.xcconfig */;
			buildSettings = {
				ASSETCATALOG_COMPILER_APPICON_NAME = AppIcon;
				CODE_SIGN_ENTITLEMENTS = PushBotsObjcDemo/PushBotsObjcDemo.entitlements;
				DEVELOPMENT_TEAM = 24VS857ZNA;
				FRAMEWORK_SEARCH_PATHS = (
					"$(inherited)",
					"$(PROJECT_DIR)",
				);
				INFOPLIST_FILE = PushBotsObjcDemo/Info.plist;
				IPHONEOS_DEPLOYMENT_TARGET = 9.0;
				LD_RUNPATH_SEARCH_PATHS = "$(inherited) @executable_path/Frameworks";
				PRODUCT_BUNDLE_IDENTIFIER = com.pushbots.objcdemo;
				PRODUCT_NAME = "$(TARGET_NAME)";
			};
			name = Release;
		};
		423730F41E1D283B00EF8559 /* Debug */ = {
			isa = XCBuildConfiguration;
			baseConfigurationReference = 7A293A2E3169068E96E0FBCC /* Pods-PushBotsObjcDemoTests.debug.xcconfig */;
			buildSettings = {
				BUNDLE_LOADER = "$(TEST_HOST)";
				DEVELOPMENT_TEAM = UR4F29DJ73;
				INFOPLIST_FILE = PushBotsObjcDemoTests/Info.plist;
				LD_RUNPATH_SEARCH_PATHS = "$(inherited) @executable_path/Frameworks @loader_path/Frameworks";
				PRODUCT_BUNDLE_IDENTIFIER = com.Atia.PushBotsObjcDemoTests;
				PRODUCT_NAME = "$(TARGET_NAME)";
				TEST_HOST = "$(BUILT_PRODUCTS_DIR)/PushBotsObjcDemo.app/PushBotsObjcDemo";
			};
			name = Debug;
		};
		423730F51E1D283B00EF8559 /* Release */ = {
			isa = XCBuildConfiguration;
			baseConfigurationReference = 02DE95632E7FA3FC94755C3E /* Pods-PushBotsObjcDemoTests.release.xcconfig */;
			buildSettings = {
				BUNDLE_LOADER = "$(TEST_HOST)";
				DEVELOPMENT_TEAM = UR4F29DJ73;
				INFOPLIST_FILE = PushBotsObjcDemoTests/Info.plist;
				LD_RUNPATH_SEARCH_PATHS = "$(inherited) @executable_path/Frameworks @loader_path/Frameworks";
				PRODUCT_BUNDLE_IDENTIFIER = com.Atia.PushBotsObjcDemoTests;
				PRODUCT_NAME = "$(TARGET_NAME)";
				TEST_HOST = "$(BUILT_PRODUCTS_DIR)/PushBotsObjcDemo.app/PushBotsObjcDemo";
			};
			name = Release;
		};
		423730F71E1D283B00EF8559 /* Debug */ = {
			isa = XCBuildConfiguration;
			baseConfigurationReference = 6808457F9793558B91CA9624 /* Pods-PushBotsObjcDemoUITests.debug.xcconfig */;
			buildSettings = {
				DEVELOPMENT_TEAM = UR4F29DJ73;
				INFOPLIST_FILE = PushBotsObjcDemoUITests/Info.plist;
				LD_RUNPATH_SEARCH_PATHS = "$(inherited) @executable_path/Frameworks @loader_path/Frameworks";
				PRODUCT_BUNDLE_IDENTIFIER = com.Atia.PushBotsObjcDemoUITests;
				PRODUCT_NAME = "$(TARGET_NAME)";
				TEST_TARGET_NAME = PushBotsObjcDemo;
			};
			name = Debug;
		};
		423730F81E1D283B00EF8559 /* Release */ = {
			isa = XCBuildConfiguration;
			baseConfigurationReference = 279913A541CE632DE59718BE /* Pods-PushBotsObjcDemoUITests.release.xcconfig */;
			buildSettings = {
				DEVELOPMENT_TEAM = UR4F29DJ73;
				INFOPLIST_FILE = PushBotsObjcDemoUITests/Info.plist;
				LD_RUNPATH_SEARCH_PATHS = "$(inherited) @executable_path/Frameworks @loader_path/Frameworks";
				PRODUCT_BUNDLE_IDENTIFIER = com.Atia.PushBotsObjcDemoUITests;
				PRODUCT_NAME = "$(TARGET_NAME)";
				TEST_TARGET_NAME = PushBotsObjcDemo;
			};
			name = Release;
		};
/* End XCBuildConfiguration section */

/* Begin XCConfigurationList section */
		423730BE1E1D283800EF8559 /* Build configuration list for PBXProject "PushBotsObjcDemo" */ = {
			isa = XCConfigurationList;
			buildConfigurations = (
				423730EE1E1D283B00EF8559 /* Debug */,
				423730EF1E1D283B00EF8559 /* Release */,
			);
			defaultConfigurationIsVisible = 0;
			defaultConfigurationName = Release;
		};
		423730F01E1D283B00EF8559 /* Build configuration list for PBXNativeTarget "PushBotsObjcDemo" */ = {
			isa = XCConfigurationList;
			buildConfigurations = (
				423730F11E1D283B00EF8559 /* Debug */,
				423730F21E1D283B00EF8559 /* Release */,
			);
			defaultConfigurationIsVisible = 0;
			defaultConfigurationName = Release;
		};
		423730F31E1D283B00EF8559 /* Build configuration list for PBXNativeTarget "PushBotsObjcDemoTests" */ = {
			isa = XCConfigurationList;
			buildConfigurations = (
				423730F41E1D283B00EF8559 /* Debug */,
				423730F51E1D283B00EF8559 /* Release */,
			);
			defaultConfigurationIsVisible = 0;
			defaultConfigurationName = Release;
		};
		423730F61E1D283B00EF8559 /* Build configuration list for PBXNativeTarget "PushBotsObjcDemoUITests" */ = {
			isa = XCConfigurationList;
			buildConfigurations = (
				423730F71E1D283B00EF8559 /* Debug */,
				423730F81E1D283B00EF8559 /* Release */,
			);
			defaultConfigurationIsVisible = 0;
			defaultConfigurationName = Release;
		};
/* End XCConfigurationList section */
	};
	rootObject = 423730BB1E1D283800EF8559 /* Project object */;
}
